// !$*UTF8*$!
{
	archiveVersion = 1;
	classes = {
	};
	objectVersion = 50;
	objects = {

/* Begin PBXBuildFile section */
		2EBEA77A22387F8700661ADC /* AppDelegate.swift in Sources */ = {isa = PBXBuildFile; fileRef = 2EBEA77922387F8700661ADC /* AppDelegate.swift */; };
		2EBEA77F22387F8700661ADC /* Main.storyboard in Resources */ = {isa = PBXBuildFile; fileRef = 2EBEA77D22387F8700661ADC /* Main.storyboard */; };
		2EBEA78122387F8A00661ADC /* Assets.xcassets in Resources */ = {isa = PBXBuildFile; fileRef = 2EBEA78022387F8A00661ADC /* Assets.xcassets */; };
		2EBEA78422387F8A00661ADC /* LaunchScreen.storyboard in Resources */ = {isa = PBXBuildFile; fileRef = 2EBEA78222387F8A00661ADC /* LaunchScreen.storyboard */; };
		2EBEA78F22387F8A00661ADC /* PhotosTests.swift in Sources */ = {isa = PBXBuildFile; fileRef = 2EBEA78E22387F8A00661ADC /* PhotosTests.swift */; };
		2EBEA79A22387F8A00661ADC /* PhotosUITests.swift in Sources */ = {isa = PBXBuildFile; fileRef = 2EBEA79922387F8A00661ADC /* PhotosUITests.swift */; };
		2EBEA7A82238893B00661ADC /* PhotoViewController.swift in Sources */ = {isa = PBXBuildFile; fileRef = 2EBEA7A72238893B00661ADC /* PhotoViewController.swift */; };
/* End PBXBuildFile section */

/* Begin PBXContainerItemProxy section */
		2EBEA78B22387F8A00661ADC /* PBXContainerItemProxy */ = {
			isa = PBXContainerItemProxy;
			containerPortal = 2EBEA76E22387F8700661ADC /* Project object */;
			proxyType = 1;
			remoteGlobalIDString = 2EBEA77522387F8700661ADC;
			remoteInfo = Photos;
		};
		2EBEA79622387F8A00661ADC /* PBXContainerItemProxy */ = {
			isa = PBXContainerItemProxy;
			containerPortal = 2EBEA76E22387F8700661ADC /* Project object */;
			proxyType = 1;
			remoteGlobalIDString = 2EBEA77522387F8700661ADC;
			remoteInfo = Photos;
		};
/* End PBXContainerItemProxy section */

/* Begin PBXFileReference section */
		2EBEA77622387F8700661ADC /* Photos.app */ = {isa = PBXFileReference; explicitFileType = wrapper.application; includeInIndex = 0; path = Photos.app; sourceTree = BUILT_PRODUCTS_DIR; };
		2EBEA77922387F8700661ADC /* AppDelegate.swift */ = {isa = PBXFileReference; lastKnownFileType = sourcecode.swift; path = AppDelegate.swift; sourceTree = "<group>"; };
		2EBEA77E22387F8700661ADC /* Base */ = {isa = PBXFileReference; lastKnownFileType = file.storyboard; name = Base; path = Base.lproj/Main.storyboard; sourceTree = "<group>"; };
		2EBEA78022387F8A00661ADC /* Assets.xcassets */ = {isa = PBXFileReference; lastKnownFileType = folder.assetcatalog; path = Assets.xcassets; sourceTree = "<group>"; };
		2EBEA78322387F8A00661ADC /* Base */ = {isa = PBXFileReference; lastKnownFileType = file.storyboard; name = Base; path = Base.lproj/LaunchScreen.storyboard; sourceTree = "<group>"; };
		2EBEA78522387F8A00661ADC /* Info.plist */ = {isa = PBXFileReference; lastKnownFileType = text.plist.xml; path = Info.plist; sourceTree = "<group>"; };
		2EBEA78A22387F8A00661ADC /* PhotosTests.xctest */ = {isa = PBXFileReference; explicitFileType = wrapper.cfbundle; includeInIndex = 0; path = PhotosTests.xctest; sourceTree = BUILT_PRODUCTS_DIR; };
		2EBEA78E22387F8A00661ADC /* PhotosTests.swift */ = {isa = PBXFileReference; lastKnownFileType = sourcecode.swift; path = PhotosTests.swift; sourceTree = "<group>"; };
		2EBEA79022387F8A00661ADC /* Info.plist */ = {isa = PBXFileReference; lastKnownFileType = text.plist.xml; path = Info.plist; sourceTree = "<group>"; };
		2EBEA79522387F8A00661ADC /* PhotosUITests.xctest */ = {isa = PBXFileReference; explicitFileType = wrapper.cfbundle; includeInIndex = 0; path = PhotosUITests.xctest; sourceTree = BUILT_PRODUCTS_DIR; };
		2EBEA79922387F8A00661ADC /* PhotosUITests.swift */ = {isa = PBXFileReference; lastKnownFileType = sourcecode.swift; path = PhotosUITests.swift; sourceTree = "<group>"; };
		2EBEA79B22387F8A00661ADC /* Info.plist */ = {isa = PBXFileReference; lastKnownFileType = text.plist.xml; path = Info.plist; sourceTree = "<group>"; };
		2EBEA7A72238893B00661ADC /* PhotoViewController.swift */ = {isa = PBXFileReference; lastKnownFileType = sourcecode.swift; path = PhotoViewController.swift; sourceTree = "<group>"; };
/* End PBXFileReference section */

/* Begin PBXFrameworksBuildPhase section */
		2EBEA77322387F8700661ADC /* Frameworks */ = {
			isa = PBXFrameworksBuildPhase;
			buildActionMask = 2147483647;
			files = (
			);
			runOnlyForDeploymentPostprocessing = 0;
		};
		2EBEA78722387F8A00661ADC /* Frameworks */ = {
			isa = PBXFrameworksBuildPhase;
			buildActionMask = 2147483647;
			files = (
			);
			runOnlyForDeploymentPostprocessing = 0;
		};
		2EBEA79222387F8A00661ADC /* Frameworks */ = {
			isa = PBXFrameworksBuildPhase;
			buildActionMask = 2147483647;
			files = (
			);
			runOnlyForDeploymentPostprocessing = 0;
		};
/* End PBXFrameworksBuildPhase section */

/* Begin PBXGroup section */
		2EBEA76D22387F8700661ADC = {
			isa = PBXGroup;
			children = (
				2EBEA77822387F8700661ADC /* Photos */,
				2EBEA78D22387F8A00661ADC /* PhotosTests */,
				2EBEA79822387F8A00661ADC /* PhotosUITests */,
				2EBEA77722387F8700661ADC /* Products */,
			);
			sourceTree = "<group>";
		};
		2EBEA77722387F8700661ADC /* Products */ = {
			isa = PBXGroup;
			children = (
				2EBEA77622387F8700661ADC /* Photos.app */,
				2EBEA78A22387F8A00661ADC /* PhotosTests.xctest */,
				2EBEA79522387F8A00661ADC /* PhotosUITests.xctest */,
			);
			name = Products;
			sourceTree = "<group>";
		};
		2EBEA77822387F8700661ADC /* Photos */ = {
			isa = PBXGroup;
			children = (
				2EBEA7A72238893B00661ADC /* PhotoViewController.swift */,
				2EBEA77D22387F8700661ADC /* Main.storyboard */,
				2EBEA78022387F8A00661ADC /* Assets.xcassets */,
				2EBEA78222387F8A00661ADC /* LaunchScreen.storyboard */,
				2EBEA77922387F8700661ADC /* AppDelegate.swift */,
				2EBEA78522387F8A00661ADC /* Info.plist */,
			);
			path = Photos;
			sourceTree = "<group>";
		};
		2EBEA78D22387F8A00661ADC /* PhotosTests */ = {
			isa = PBXGroup;
			children = (
				2EBEA78E22387F8A00661ADC /* PhotosTests.swift */,
				2EBEA79022387F8A00661ADC /* Info.plist */,
			);
			path = PhotosTests;
			sourceTree = "<group>";
		};
		2EBEA79822387F8A00661ADC /* PhotosUITests */ = {
			isa = PBXGroup;
			children = (
				2EBEA79922387F8A00661ADC /* PhotosUITests.swift */,
				2EBEA79B22387F8A00661ADC /* Info.plist */,
			);
			path = PhotosUITests;
			sourceTree = "<group>";
		};
/* End PBXGroup section */

/* Begin PBXNativeTarget section */
		2EBEA77522387F8700661ADC /* Photos */ = {
			isa = PBXNativeTarget;
			buildConfigurationList = 2EBEA79E22387F8A00661ADC /* Build configuration list for PBXNativeTarget "Photos" */;
			buildPhases = (
				2EBEA77222387F8700661ADC /* Sources */,
				2EBEA77322387F8700661ADC /* Frameworks */,
				2EBEA77422387F8700661ADC /* Resources */,
			);
			buildRules = (
			);
			dependencies = (
			);
			name = Photos;
			productName = Photos;
			productReference = 2EBEA77622387F8700661ADC /* Photos.app */;
			productType = "com.apple.product-type.application";
		};
		2EBEA78922387F8A00661ADC /* PhotosTests */ = {
			isa = PBXNativeTarget;
			buildConfigurationList = 2EBEA7A122387F8A00661ADC /* Build configuration list for PBXNativeTarget "PhotosTests" */;
			buildPhases = (
				2EBEA78622387F8A00661ADC /* Sources */,
				2EBEA78722387F8A00661ADC /* Frameworks */,
				2EBEA78822387F8A00661ADC /* Resources */,
			);
			buildRules = (
			);
			dependencies = (
				2EBEA78C22387F8A00661ADC /* PBXTargetDependency */,
			);
			name = PhotosTests;
			productName = PhotosTests;
			productReference = 2EBEA78A22387F8A00661ADC /* PhotosTests.xctest */;
			productType = "com.apple.product-type.bundle.unit-test";
		};
		2EBEA79422387F8A00661ADC /* PhotosUITests */ = {
			isa = PBXNativeTarget;
			buildConfigurationList = 2EBEA7A422387F8A00661ADC /* Build configuration list for PBXNativeTarget "PhotosUITests" */;
			buildPhases = (
				2EBEA79122387F8A00661ADC /* Sources */,
				2EBEA79222387F8A00661ADC /* Frameworks */,
				2EBEA79322387F8A00661ADC /* Resources */,
			);
			buildRules = (
			);
			dependencies = (
				2EBEA79722387F8A00661ADC /* PBXTargetDependency */,
			);
			name = PhotosUITests;
			productName = PhotosUITests;
			productReference = 2EBEA79522387F8A00661ADC /* PhotosUITests.xctest */;
			productType = "com.apple.product-type.bundle.ui-testing";
		};
/* End PBXNativeTarget section */

/* Begin PBXProject section */
		2EBEA76E22387F8700661ADC /* Project object */ = {
			isa = PBXProject;
			attributes = {
				LastSwiftUpdateCheck = 1010;
				LastUpgradeCheck = 1010;
				ORGANIZATIONNAME = "Zachary Pierucci";
				TargetAttributes = {
					2EBEA77522387F8700661ADC = {
						CreatedOnToolsVersion = 10.1;
					};
					2EBEA78922387F8A00661ADC = {
						CreatedOnToolsVersion = 10.1;
						TestTargetID = 2EBEA77522387F8700661ADC;
					};
					2EBEA79422387F8A00661ADC = {
						CreatedOnToolsVersion = 10.1;
						TestTargetID = 2EBEA77522387F8700661ADC;
					};
				};
			};
			buildConfigurationList = 2EBEA77122387F8700661ADC /* Build configuration list for PBXProject "Photos" */;
			compatibilityVersion = "Xcode 9.3";
			developmentRegion = en;
			hasScannedForEncodings = 0;
			knownRegions = (
				en,
				Base,
			);
			mainGroup = 2EBEA76D22387F8700661ADC;
			productRefGroup = 2EBEA77722387F8700661ADC /* Products */;
			projectDirPath = "";
			projectRoot = "";
			targets = (
				2EBEA77522387F8700661ADC /* Photos */,
				2EBEA78922387F8A00661ADC /* PhotosTests */,
				2EBEA79422387F8A00661ADC /* PhotosUITests */,
			);
		};
/* End PBXProject section */

/* Begin PBXResourcesBuildPhase section */
		2EBEA77422387F8700661ADC /* Resources */ = {
			isa = PBXResourcesBuildPhase;
			buildActionMask = 2147483647;
			files = (
				2EBEA78422387F8A00661ADC /* LaunchScreen.storyboard in Resources */,
				2EBEA78122387F8A00661ADC /* Assets.xcassets in Resources */,
				2EBEA77F22387F8700661ADC /* Main.storyboard in Resources */,
			);
			runOnlyForDeploymentPostprocessing = 0;
		};
		2EBEA78822387F8A00661ADC /* Resources */ = {
			isa = PBXResourcesBuildPhase;
			buildActionMask = 2147483647;
			files = (
			);
			runOnlyForDeploymentPostprocessing = 0;
		};
		2EBEA79322387F8A00661ADC /* Resources */ = {
			isa = PBXResourcesBuildPhase;
			buildActionMask = 2147483647;
			files = (
			);
			runOnlyForDeploymentPostprocessing = 0;
		};
/* End PBXResourcesBuildPhase section */

/* Begin PBXSourcesBuildPhase section */
		2EBEA77222387F8700661ADC /* Sources */ = {
			isa = PBXSourcesBuildPhase;
			buildActionMask = 2147483647;
			files = (
				2EBEA77A22387F8700661ADC /* AppDelegate.swift in Sources */,
				2EBEA7A82238893B00661ADC /* PhotoViewController.swift in Sources */,
			);
			runOnlyForDeploymentPostprocessing = 0;
		};
		2EBEA78622387F8A00661ADC /* Sources */ = {
			isa = PBXSourcesBuildPhase;
			buildActionMask = 2147483647;
			files = (
				2EBEA78F22387F8A00661ADC /* PhotosTests.swift in Sources */,
			);
			runOnlyForDeploymentPostprocessing = 0;
		};
		2EBEA79122387F8A00661ADC /* Sources */ = {
			isa = PBXSourcesBuildPhase;
			buildActionMask = 2147483647;
			files = (
				2EBEA79A22387F8A00661ADC /* PhotosUITests.swift in Sources */,
			);
			runOnlyForDeploymentPostprocessing = 0;
		};
/* End PBXSourcesBuildPhase section */

/* Begin PBXTargetDependency section */
		2EBEA78C22387F8A00661ADC /* PBXTargetDependency */ = {
			isa = PBXTargetDependency;
			target = 2EBEA77522387F8700661ADC /* Photos */;
			targetProxy = 2EBEA78B22387F8A00661ADC /* PBXContainerItemProxy */;
		};
		2EBEA79722387F8A00661ADC /* PBXTargetDependency */ = {
			isa = PBXTargetDependency;
			target = 2EBEA77522387F8700661ADC /* Photos */;
			targetProxy = 2EBEA79622387F8A00661ADC /* PBXContainerItemProxy */;
		};
/* End PBXTargetDependency section */

/* Begin PBXVariantGroup section */
		2EBEA77D22387F8700661ADC /* Main.storyboard */ = {
			isa = PBXVariantGroup;
			children = (
				2EBEA77E22387F8700661ADC /* Base */,
			);
			name = Main.storyboard;
			sourceTree = "<group>";
		};
		2EBEA78222387F8A00661ADC /* LaunchScreen.storyboard */ = {
			isa = PBXVariantGroup;
			children = (
				2EBEA78322387F8A00661ADC /* Base */,
			);
			name = LaunchScreen.storyboard;
			sourceTree = "<group>";
		};
/* End PBXVariantGroup section */

/* Begin XCBuildConfiguration section */
		2EBEA79C22387F8A00661ADC /* Debug */ = {
			isa = XCBuildConfiguration;
			buildSettings = {
				ALWAYS_SEARCH_USER_PATHS = NO;
				CLANG_ANALYZER_NONNULL = YES;
				CLANG_ANALYZER_NUMBER_OBJECT_CONVERSION = YES_AGGRESSIVE;
				CLANG_CXX_LANGUAGE_STANDARD = "gnu++14";
				CLANG_CXX_LIBRARY = "libc++";
				CLANG_ENABLE_MODULES = YES;
				CLANG_ENABLE_OBJC_ARC = YES;
				CLANG_ENABLE_OBJC_WEAK = YES;
				CLANG_WARN_BLOCK_CAPTURE_AUTORELEASING = YES;
				CLANG_WARN_BOOL_CONVERSION = YES;
				CLANG_WARN_COMMA = YES;
				CLANG_WARN_CONSTANT_CONVERSION = YES;
				CLANG_WARN_DEPRECATED_OBJC_IMPLEMENTATIONS = YES;
				CLANG_WARN_DIRECT_OBJC_ISA_USAGE = YES_ERROR;
				CLANG_WARN_DOCUMENTATION_COMMENTS = YES;
				CLANG_WARN_EMPTY_BODY = YES;
				CLANG_WARN_ENUM_CONVERSION = YES;
				CLANG_WARN_INFINITE_RECURSION = YES;
				CLANG_WARN_INT_CONVERSION = YES;
				CLANG_WARN_NON_LITERAL_NULL_CONVERSION = YES;
				CLANG_WARN_OBJC_IMPLICIT_RETAIN_SELF = YES;
				CLANG_WARN_OBJC_LITERAL_CONVERSION = YES;
				CLANG_WARN_OBJC_ROOT_CLASS = YES_ERROR;
				CLANG_WARN_RANGE_LOOP_ANALYSIS = YES;
				CLANG_WARN_STRICT_PROTOTYPES = YES;
				CLANG_WARN_SUSPICIOUS_MOVE = YES;
				CLANG_WARN_UNGUARDED_AVAILABILITY = YES_AGGRESSIVE;
				CLANG_WARN_UNREACHABLE_CODE = YES;
				CLANG_WARN__DUPLICATE_METHOD_MATCH = YES;
				CODE_SIGN_IDENTITY = "iPhone Developer";
				COPY_PHASE_STRIP = NO;
				DEBUG_INFORMATION_FORMAT = dwarf;
				ENABLE_STRICT_OBJC_MSGSEND = YES;
				ENABLE_TESTABILITY = YES;
				GCC_C_LANGUAGE_STANDARD = gnu11;
				GCC_DYNAMIC_NO_PIC = NO;
				GCC_NO_COMMON_BLOCKS = YES;
				GCC_OPTIMIZATION_LEVEL = 0;
				GCC_PREPROCESSOR_DEFINITIONS = (
					"DEBUG=1",
					"$(inherited)",
				);
				GCC_WARN_64_TO_32_BIT_CONVERSION = YES;
				GCC_WARN_ABOUT_RETURN_TYPE = YES_ERROR;
				GCC_WARN_UNDECLARED_SELECTOR = YES;
				GCC_WARN_UNINITIALIZED_AUTOS = YES_AGGRESSIVE;
				GCC_WARN_UNUSED_FUNCTION = YES;
				GCC_WARN_UNUSED_VARIABLE = YES;
				IPHONEOS_DEPLOYMENT_TARGET = 12.1;
				MTL_ENABLE_DEBUG_INFO = INCLUDE_SOURCE;
				MTL_FAST_MATH = YES;
				ONLY_ACTIVE_ARCH = YES;
				SDKROOT = iphoneos;
				SWIFT_ACTIVE_COMPILATION_CONDITIONS = DEBUG;
				SWIFT_OPTIMIZATION_LEVEL = "-Onone";
			};
			name = Debug;
		};
		2EBEA79D22387F8A00661ADC /* Release */ = {
			isa = XCBuildConfiguration;
			buildSettings = {
				ALWAYS_SEARCH_USER_PATHS = NO;
				CLANG_ANALYZER_NONNULL = YES;
				CLANG_ANALYZER_NUMBER_OBJECT_CONVERSION = YES_AGGRESSIVE;
				CLANG_CXX_LANGUAGE_STANDARD = "gnu++14";
				CLANG_CXX_LIBRARY = "libc++";
				CLANG_ENABLE_MODULES = YES;
				CLANG_ENABLE_OBJC_ARC = YES;
				CLANG_ENABLE_OBJC_WEAK = YES;
				CLANG_WARN_BLOCK_CAPTURE_AUTORELEASING = YES;
				CLANG_WARN_BOOL_CONVERSION = YES;
				CLANG_WARN_COMMA = YES;
				CLANG_WARN_CONSTANT_CONVERSION = YES;
				CLANG_WARN_DEPRECATED_OBJC_IMPLEMENTATIONS = YES;
				CLANG_WARN_DIRECT_OBJC_ISA_USAGE = YES_ERROR;
				CLANG_WARN_DOCUMENTATION_COMMENTS = YES;
				CLANG_WARN_EMPTY_BODY = YES;
				CLANG_WARN_ENUM_CONVERSION = YES;
				CLANG_WARN_INFINITE_RECURSION = YES;
				CLANG_WARN_INT_CONVERSION = YES;
				CLANG_WARN_NON_LITERAL_NULL_CONVERSION = YES;
				CLANG_WARN_OBJC_IMPLICIT_RETAIN_SELF = YES;
				CLANG_WARN_OBJC_LITERAL_CONVERSION = YES;
				CLANG_WARN_OBJC_ROOT_CLASS = YES_ERROR;
				CLANG_WARN_RANGE_LOOP_ANALYSIS = YES;
				CLANG_WARN_STRICT_PROTOTYPES = YES;
				CLANG_WARN_SUSPICIOUS_MOVE = YES;
				CLANG_WARN_UNGUARDED_AVAILABILITY = YES_AGGRESSIVE;
				CLANG_WARN_UNREACHABLE_CODE = YES;
				CLANG_WARN__DUPLICATE_METHOD_MATCH = YES;
				CODE_SIGN_IDENTITY = "iPhone Developer";
				COPY_PHASE_STRIP = NO;
				DEBUG_INFORMATION_FORMAT = "dwarf-with-dsym";
				ENABLE_NS_ASSERTIONS = NO;
				ENABLE_STRICT_OBJC_MSGSEND = YES;
				GCC_C_LANGUAGE_STANDARD = gnu11;
				GCC_NO_COMMON_BLOCKS = YES;
				GCC_WARN_64_TO_32_BIT_CONVERSION = YES;
				GCC_WARN_ABOUT_RETURN_TYPE = YES_ERROR;
				GCC_WARN_UNDECLARED_SELECTOR = YES;
				GCC_WARN_UNINITIALIZED_AUTOS = YES_AGGRESSIVE;
				GCC_WARN_UNUSED_FUNCTION = YES;
				GCC_WARN_UNUSED_VARIABLE = YES;
				IPHONEOS_DEPLOYMENT_TARGET = 12.1;
				MTL_ENABLE_DEBUG_INFO = NO;
				MTL_FAST_MATH = YES;
				SDKROOT = iphoneos;
				SWIFT_COMPILATION_MODE = wholemodule;
				SWIFT_OPTIMIZATION_LEVEL = "-O";
				VALIDATE_PRODUCT = YES;
			};
			name = Release;
		};
		2EBEA79F22387F8A00661ADC /* Debug */ = {
			isa = XCBuildConfiguration;
			buildSettings = {
				ASSETCATALOG_COMPILER_APPICON_NAME = AppIcon;
				CODE_SIGN_STYLE = Automatic;
				DEVELOPMENT_TEAM = 4FNJNUQ3AD;
				INFOPLIST_FILE = Photos/Info.plist;
				LD_RUNPATH_SEARCH_PATHS = (
					"$(inherited)",
					"@executable_path/Frameworks",
				);
				PRODUCT_BUNDLE_IDENTIFIER = com.znpcp5.Photos;
				PRODUCT_NAME = "$(TARGET_NAME)";
				SWIFT_VERSION = 4.2;
				TARGETED_DEVICE_FAMILY = "1,2";
			};
			name = Debug;
		};
		2EBEA7A022387F8A00661ADC /* Release */ = {
			isa = XCBuildConfiguration;
			buildSettings = {
				ASSETCATALOG_COMPILER_APPICON_NAME = AppIcon;
				CODE_SIGN_STYLE = Automatic;
				DEVELOPMENT_TEAM = 4FNJNUQ3AD;
				INFOPLIST_FILE = Photos/Info.plist;
				LD_RUNPATH_SEARCH_PATHS = (
					"$(inherited)",
					"@executable_path/Frameworks",
				);
				PRODUCT_BUNDLE_IDENTIFIER = com.znpcp5.Photos;
				PRODUCT_NAME = "$(TARGET_NAME)";
				SWIFT_VERSION = 4.2;
				TARGETED_DEVICE_FAMILY = "1,2";
			};
			name = Release;
		};
		2EBEA7A222387F8A00661ADC /* Debug */ = {
			isa = XCBuildConfiguration;
			buildSettings = {
				ALWAYS_EMBED_SWIFT_STANDARD_LIBRARIES = YES;
				BUNDLE_LOADER = "$(TEST_HOST)";
				CODE_SIGN_STYLE = Automatic;
				DEVELOPMENT_TEAM = 4FNJNUQ3AD;
				INFOPLIST_FILE = PhotosTests/Info.plist;
				LD_RUNPATH_SEARCH_PATHS = (
					"$(inherited)",
					"@executable_path/Frameworks",
					"@loader_path/Frameworks",
				);
				PRODUCT_BUNDLE_IDENTIFIER = com.znpcp5.PhotosTests;
				PRODUCT_NAME = "$(TARGET_NAME)";
				SWIFT_VERSION = 4.2;
				TARGETED_DEVICE_FAMILY = "1,2";
				TEST_HOST = "$(BUILT_PRODUCTS_DIR)/Photos.app/Photos";
			};
			name = Debug;
		};
		2EBEA7A322387F8A00661ADC /* Release */ = {
			isa = XCBuildConfiguration;
			buildSettings = {
				ALWAYS_EMBED_SWIFT_STANDARD_LIBRARIES = YES;
				BUNDLE_LOADER = "$(TEST_HOST)";
				CODE_SIGN_STYLE = Automatic;
				DEVELOPMENT_TEAM = 4FNJNUQ3AD;
				INFOPLIST_FILE = PhotosTests/Info.plist;
				LD_RUNPATH_SEARCH_PATHS = (
					"$(inherited)",
					"@executable_path/Frameworks",
					"@loader_path/Frameworks",
				);
				PRODUCT_BUNDLE_IDENTIFIER = com.znpcp5.PhotosTests;
				PRODUCT_NAME = "$(TARGET_NAME)";
				SWIFT_VERSION = 4.2;
				TARGETED_DEVICE_FAMILY = "1,2";
				TEST_HOST = "$(BUILT_PRODUCTS_DIR)/Photos.app/Photos";
			};
			name = Release;
		};
		2EBEA7A522387F8A00661ADC /* Debug */ = {
			isa = XCBuildConfiguration;
			buildSettings = {
				ALWAYS_EMBED_SWIFT_STANDARD_LIBRARIES = YES;
				CODE_SIGN_STYLE = Automatic;
				DEVELOPMENT_TEAM = 4FNJNUQ3AD;
				INFOPLIST_FILE = PhotosUITests/Info.plist;
				LD_RUNPATH_SEARCH_PATHS = (
					"$(inherited)",
					"@executable_path/Frameworks",
					"@loader_path/Frameworks",
				);
				PRODUCT_BUNDLE_IDENTIFIER = com.znpcp5.PhotosUITests;
				PRODUCT_NAME = "$(TARGET_NAME)";
				SWIFT_VERSION = 4.2;
				TARGETED_DEVICE_FAMILY = "1,2";
				TEST_TARGET_NAME = Photos;
			};
			name = Debug;
		};
		2EBEA7A622387F8A00661ADC /* Release */ = {
			isa = XCBuildConfiguration;
			buildSettings = {
				ALWAYS_EMBED_SWIFT_STANDARD_LIBRARIES = YES;
				CODE_SIGN_STYLE = Automatic;
				DEVELOPMENT_TEAM = 4FNJNUQ3AD;
				INFOPLIST_FILE = PhotosUITests/Info.plist;
				LD_RUNPATH_SEARCH_PATHS = (
					"$(inherited)",
					"@executable_path/Frameworks",
					"@loader_path/Frameworks",
				);
				PRODUCT_BUNDLE_IDENTIFIER = com.znpcp5.PhotosUITests;
				PRODUCT_NAME = "$(TARGET_NAME)";
				SWIFT_VERSION = 4.2;
				TARGETED_DEVICE_FAMILY = "1,2";
				TEST_TARGET_NAME = Photos;
			};
			name = Release;
		};
/* End XCBuildConfiguration section */

/* Begin XCConfigurationList section */
		2EBEA77122387F8700661ADC /* Build configuration list for PBXProject "Photos" */ = {
			isa = XCConfigurationList;
			buildConfigurations = (
				2EBEA79C22387F8A00661ADC /* Debug */,
				2EBEA79D22387F8A00661ADC /* Release */,
			);
			defaultConfigurationIsVisible = 0;
			defaultConfigurationName = Release;
		};
		2EBEA79E22387F8A00661ADC /* Build configuration list for PBXNativeTarget "Photos" */ = {
			isa = XCConfigurationList;
			buildConfigurations = (
				2EBEA79F22387F8A00661ADC /* Debug */,
				2EBEA7A022387F8A00661ADC /* Release */,
			);
			defaultConfigurationIsVisible = 0;
			defaultConfigurationName = Release;
		};
		2EBEA7A122387F8A00661ADC /* Build configuration list for PBXNativeTarget "PhotosTests" */ = {
			isa = XCConfigurationList;
			buildConfigurations = (
				2EBEA7A222387F8A00661ADC /* Debug */,
				2EBEA7A322387F8A00661ADC /* Release */,
			);
			defaultConfigurationIsVisible = 0;
			defaultConfigurationName = Release;
		};
		2EBEA7A422387F8A00661ADC /* Build configuration list for PBXNativeTarget "PhotosUITests" */ = {
			isa = XCConfigurationList;
			buildConfigurations = (
				2EBEA7A522387F8A00661ADC /* Debug */,
				2EBEA7A622387F8A00661ADC /* Release */,
			);
			defaultConfigurationIsVisible = 0;
			defaultConfigurationName = Release;
		};
/* End XCConfigurationList section */
	};
	rootObject = 2EBEA76E22387F8700661ADC /* Project object */;
}
